{
  "R": {
    "Version": "3.6.3",
    "Repositories": [
      {
        "Name": "CRAN",
        "URL": "https://cloud.r-project.org"
      }
    ]
  },
  "Packages": {
    "BH": {
      "Package": "BH",
      "Version": "1.69.0-1",
      "Source": "Repository",
      "Repository": "CRAN",
      "Hash": "f4605d46264b35f53072fc9ee7ace15f"
    },
    "DBI": {
      "Package": "DBI",
      "Version": "1.0.0",
      "Source": "Repository",
      "Repository": "CRAN",
      "Hash": "7bc8be0e425da29fe0e10f792bdbb74b"
    },
    "GADMTools": {
      "Package": "GADMTools",
      "Version": "3.8-1",
      "Source": "Repository",
      "Repository": "CRAN",
      "Hash": "c0e3859a7b0ac40e6d482b2f3c44ac99"
    },
    "KernSmooth": {
      "Package": "KernSmooth",
      "Version": "2.23-15",
      "Source": "Repository",
      "Repository": "CRAN",
      "Hash": "081f417f4d6d55b7e8981433e8404a22"
    },
    "LearnBayes": {
      "Package": "LearnBayes",
      "Version": "2.15.1",
      "Source": "Repository",
      "Repository": "CRAN",
      "Hash": "b2dd5e3f910f1ac390f847f35e8c2396"
    },
    "MASS": {
      "Package": "MASS",
      "Version": "7.3-51.4",
      "Source": "Repository",
      "Repository": "CRAN",
      "Hash": "a94714e63996bc284b8795ec50defc07"
    },
    "Matrix": {
      "Package": "Matrix",
      "Version": "1.2-17",
      "Source": "Repository",
      "Repository": "CRAN",
      "Hash": "39ea11fb3ad0d759f9f1c053fd442957"
    },
    "MatrixModels": {
      "Package": "MatrixModels",
      "Version": "0.4-1",
      "Source": "Repository",
      "Repository": "CRAN",
      "Hash": "d57ac35220b39c591388ab3a080f9cbe"
    },
    "ModelMetrics": {
      "Package": "ModelMetrics",
      "Version": "1.2.2.2",
      "Source": "Repository",
      "Repository": "CRAN",
      "Hash": "40a55bd0b44719941d103291ac5e9d74"
    },
    "R6": {
      "Package": "R6",
      "Version": "2.4.1",
      "Source": "Repository",
      "Repository": "CRAN",
      "Hash": "292b54f8f4b94669b08f94e5acce6be2"
    },
    "RColorBrewer": {
      "Package": "RColorBrewer",
      "Version": "1.1-2",
      "Source": "Repository",
      "Repository": "CRAN",
      "Hash": "e031418365a7f7a766181ab5a41a5716"
    },
    "Rcpp": {
      "Package": "Rcpp",
      "Version": "1.0.5",
      "Source": "Repository",
      "Repository": "CRAN",
      "Hash": "125dc7a0ed375eb68c0ce533b48d291f"
    },
    "RcppArmadillo": {
      "Package": "RcppArmadillo",
      "Version": "0.9.900.3.0",
      "Source": "Repository",
      "Repository": "CRAN",
      "Hash": "961e71b714a1ffe58ed651cb6e40b3b1"
    },
    "RcppEigen": {
      "Package": "RcppEigen",
      "Version": "0.3.3.5.0",
      "Source": "Repository",
      "Repository": "CRAN",
      "Hash": "b1363326973d7c1fc76d6394c2610951"
    },
    "RgoogleMaps": {
      "Package": "RgoogleMaps",
      "Version": "1.4.5.3",
      "Source": "Repository",
      "Repository": "CRAN",
      "Hash": "bffdcd07380ea0a95228588f8aa93734"
    },
    "SQUAREM": {
      "Package": "SQUAREM",
      "Version": "2020.2",
      "Source": "Repository",
      "Repository": "CRAN",
      "Hash": "274007cf21ffabcbc2e5f0bf73abcb3d"
    },
    "SparseM": {
      "Package": "SparseM",
      "Version": "1.78",
      "Source": "Repository",
      "Repository": "CRAN",
      "Hash": "fbe4ac267bf42a91e495cc68ad3f8b63"
    },
    "abind": {
      "Package": "abind",
      "Version": "1.4-5",
      "Source": "Repository",
      "Repository": "CRAN",
      "Hash": "4f57884290cc75ab22f4af9e9d4ca862"
    },
    "askpass": {
      "Package": "askpass",
      "Version": "1.1",
      "Source": "Repository",
      "Repository": "CRAN",
      "Hash": "e8a22846fff485f0be3770c2da758713"
    },
    "assertthat": {
      "Package": "assertthat",
      "Version": "0.2.1",
      "Source": "Repository",
      "Repository": "CRAN",
      "Hash": "50c838a310445e954bc13f26f26a6ecf"
    },
    "backports": {
      "Package": "backports",
      "Version": "1.1.8",
      "Source": "Repository",
      "Repository": "CRAN",
      "Hash": "3ef0eac19317fd03c0c854aed581d473"
    },
    "base64enc": {
      "Package": "base64enc",
      "Version": "0.1-3",
      "Source": "Repository",
      "Repository": "CRAN",
      "Hash": "543776ae6848fde2f48ff3816d0628bc"
    },
    "bitops": {
      "Package": "bitops",
      "Version": "1.0-6",
      "Source": "Repository",
      "Repository": "CRAN",
      "Hash": "0b118d5900596bae6c4d4865374536a6"
    },
    "boot": {
      "Package": "boot",
      "Version": "1.3-25",
      "Source": "Repository",
      "Repository": "CRAN",
      "Hash": "bd51734a754b6c2baf28b2d1ebc11e91"
    },
    "broom": {
      "Package": "broom",
      "Version": "0.5.2",
      "Source": "Repository",
      "Repository": "CRAN",
      "Hash": "065e275fddb15dc398c02dccba7c2922"
    },
    "callr": {
      "Package": "callr",
      "Version": "3.4.3",
      "Source": "Repository",
      "Repository": "CRAN",
      "Hash": "643163a00cb536454c624883a10ae0bc"
    },
    "car": {
      "Package": "car",
      "Version": "3.0-9",
      "Source": "Repository",
      "Repository": "CRAN",
      "Hash": "5b4045bd11466d0d3e55c71f81cc1b5f"
    },
    "carData": {
      "Package": "carData",
      "Version": "3.0-2",
      "Source": "Repository",
      "Repository": "CRAN",
      "Hash": "3de03ed0bfcfb5d4548c28f493805e83"
    },
    "caret": {
      "Package": "caret",
      "Version": "6.0-86",
      "Source": "Repository",
      "Repository": "CRAN",
      "Hash": "77b0545e2c16b4e57c8da2d14042b28d"
    },
    "cellranger": {
      "Package": "cellranger",
      "Version": "1.1.0",
      "Source": "Repository",
      "Repository": "CRAN",
      "Hash": "f61dbaec772ccd2e17705c1e872e9e7c"
    },
    "checkpoint": {
      "Package": "checkpoint",
      "Version": "0.4.9",
      "Source": "Repository",
      "Repository": "CRAN",
      "Hash": "df0270fb831c0a99e275229c6acef686"
    },
    "class": {
      "Package": "class",
      "Version": "7.3-17",
      "Source": "Repository",
      "Repository": "CRAN",
      "Hash": "9267f5dab59a4ef44229858a142bded1"
    },
    "classInt": {
      "Package": "classInt",
      "Version": "0.4-3",
      "Source": "Repository",
      "Repository": "CRAN",
      "Hash": "17bdfa3c51df4a6c82484d13b11fb380"
    },
    "cli": {
      "Package": "cli",
      "Version": "2.0.2",
      "Source": "Repository",
      "Repository": "CRAN",
      "Hash": "ff0becff7bfdfe3f75d29aff8f3172dd"
    },
    "clipr": {
      "Package": "clipr",
      "Version": "0.6.0",
      "Source": "Repository",
      "Repository": "CRAN",
      "Hash": "8633315be5a50b858a69615dc1234c3b"
    },
    "coda": {
      "Package": "coda",
      "Version": "0.19-3",
      "Source": "Repository",
      "Repository": "CRAN",
      "Hash": "b177892d05d94358d282fcc303799593"
    },
    "codetools": {
      "Package": "codetools",
      "Version": "0.2-16",
      "Source": "Repository",
      "Repository": "CRAN",
      "Hash": "89cf4b8207269ccf82fbeb6473fd662b"
    },
    "colorspace": {
      "Package": "colorspace",
      "Version": "1.4-1",
      "Source": "Repository",
      "Repository": "CRAN",
      "Hash": "6b436e95723d1f0e861224dd9b094dfb"
    },
    "conquer": {
      "Package": "conquer",
      "Version": "1.0.2",
      "Source": "Repository",
      "Repository": "CRAN",
      "Hash": "a31720f692920e635ecef0481d478247"
    },
    "cowplot": {
      "Package": "cowplot",
      "Version": "0.9.4",
      "Source": "Repository",
      "Repository": "CRAN",
      "Hash": "e5b35f453b83af0b2a5bd15bd63626a1"
    },
    "crayon": {
      "Package": "crayon",
      "Version": "1.3.4",
      "Source": "Repository",
      "Repository": "CRAN",
      "Hash": "0d57bc8e27b7ba9e45dba825ebc0de6b"
    },
    "crosstalk": {
      "Package": "crosstalk",
      "Version": "1.0.0",
      "Source": "Repository",
      "Repository": "CRAN",
      "Hash": "4ac529753d1e529966ef675d7f0c762b"
    },
    "curl": {
      "Package": "curl",
      "Version": "3.3",
      "Source": "Repository",
      "Repository": "CRAN",
      "Hash": "c71bf321a357db97242bc233a1f99a55"
    },
    "cyclocomp": {
      "Package": "cyclocomp",
      "Version": "1.1.0",
      "Source": "Repository",
      "Repository": "CRAN",
      "Hash": "53cbed70a2f7472d48fb6aef08442f25"
    },
    "data.table": {
      "Package": "data.table",
      "Version": "1.12.2",
      "Source": "Repository",
      "Repository": "CRAN",
      "Hash": "2acfeb805afc84b919dcbe1f32a23529"
    },
    "dbplyr": {
      "Package": "dbplyr",
      "Version": "1.4.2",
      "Source": "Repository",
      "Repository": "CRAN",
      "Hash": "022c8630abecb00f22740d021ab89595"
    },
    "deldir": {
      "Package": "deldir",
      "Version": "0.1-16",
      "Source": "Repository",
      "Repository": "CRAN",
      "Hash": "a5ab1838185e139dd0aa3b90db41dcd0"
    },
    "desc": {
      "Package": "desc",
      "Version": "1.2.0",
      "Source": "Repository",
      "Repository": "CRAN",
      "Hash": "6c8fe8fa26a23b79949375d372c7b395"
    },
    "digest": {
      "Package": "digest",
      "Version": "0.6.25",
      "Source": "Repository",
      "Repository": "CRAN",
      "Hash": "f697db7d92b7028c4b3436e9603fb636"
    },
    "doParallel": {
      "Package": "doParallel",
      "Version": "1.0.14",
      "Source": "Repository",
      "Repository": "CRAN",
      "Hash": "3335c17fb0a900813001058f1ce35fc4"
    },
    "dotCall64": {
      "Package": "dotCall64",
      "Version": "1.0-0",
      "Source": "Repository",
      "Repository": "CRAN",
      "Hash": "ff2d17af3ab74328428e9eb7ada7255d"
    },
    "dplyr": {
      "Package": "dplyr",
      "Version": "0.8.0.1",
      "Source": "Repository",
      "Repository": "CRAN",
      "Hash": "f027b3489fc78fe48da054a29dc8b24b"
    },
    "e1071": {
      "Package": "e1071",
      "Version": "1.7-3",
      "Source": "Repository",
      "Repository": "CRAN",
      "Hash": "728e85416ffc90743054c1ac04486d69"
    },
    "ellipsis": {
      "Package": "ellipsis",
      "Version": "0.3.1",
      "Source": "Repository",
      "Repository": "CRAN",
      "Hash": "fd2844b3a43ae2d27e70ece2df1b4e2a"
    },
    "evaluate": {
      "Package": "evaluate",
      "Version": "0.14",
      "Source": "Repository",
      "Repository": "CRAN",
      "Hash": "ec8ca05cffcc70569eaaad8469d2a3a7"
    },
    "expm": {
      "Package": "expm",
      "Version": "0.999-5",
      "Source": "Repository",
      "Repository": "CRAN",
      "Hash": "6da939036c445e851f7ef690e349cc2c"
    },
    "fansi": {
      "Package": "fansi",
      "Version": "0.4.1",
      "Source": "Repository",
      "Repository": "CRAN",
      "Hash": "7fce217eaaf8016e72065e85c73027b5"
    },
    "farver": {
      "Package": "farver",
      "Version": "2.0.3",
      "Source": "Repository",
      "Repository": "CRAN",
      "Hash": "dad6793a5a1f73c8e91f1a1e3e834b05"
    },
    "fields": {
      "Package": "fields",
      "Version": "9.7",
      "Source": "Repository",
      "Repository": "CRAN",
      "Hash": "05894919753627bf65ec8310b634176c"
    },
    "forcats": {
      "Package": "forcats",
      "Version": "0.5.0",
      "Source": "Repository",
      "Repository": "CRAN",
      "Hash": "1cb4279e697650f0bd78cd3601ee7576"
    },
    "foreach": {
      "Package": "foreach",
      "Version": "1.4.4",
      "Source": "Repository",
      "Repository": "CRAN",
      "Hash": "c179d1dd8abd4b888214d44f4de2359a"
    },
    "foreign": {
      "Package": "foreign",
      "Version": "0.8-71",
      "Source": "Repository",
      "Repository": "CRAN",
      "Hash": "cf285837c1587867535424bb608bc1bf"
    },
    "formatR": {
      "Package": "formatR",
      "Version": "1.6",
      "Source": "Repository",
      "Repository": "CRAN",
      "Hash": "c619b946b70ca8fabca9f9807d240070"
    },
    "fs": {
      "Package": "fs",
      "Version": "1.3.1",
      "Source": "Repository",
      "Repository": "CRAN",
      "Hash": "0e26be4558dbbc713d7cfe4a4c361f38"
    },
    "gdata": {
      "Package": "gdata",
      "Version": "2.18.0",
      "Source": "Repository",
      "Repository": "CRAN",
      "Hash": "465ccb84427f5fe2c54f8620666db131"
    },
    "generics": {
      "Package": "generics",
      "Version": "0.0.2",
      "Source": "Repository",
      "Repository": "CRAN",
      "Hash": "b8cff1d1391fd1ad8b65877f4c7f2e53"
    },
    "ggmap": {
      "Package": "ggmap",
      "Version": "3.0.0",
      "Source": "Repository",
      "Repository": "CRAN",
      "Hash": "4c90748844edfacbb4ad2f44335cd892"
    },
    "ggmosaic": {
      "Package": "ggmosaic",
      "Version": "0.2.0",
      "Source": "Repository",
      "Repository": "CRAN",
      "Hash": "bc103b8bd56a3d8b676749b77aedcb81"
    },
    "ggplot2": {
      "Package": "ggplot2",
      "Version": "3.3.2",
      "Source": "Repository",
      "Repository": "CRAN",
      "Hash": "4ded8b439797f7b1693bd3d238d0106b"
    },
    "ggspatial": {
      "Package": "ggspatial",
      "Version": "1.1.4",
      "Source": "Repository",
      "Repository": "CRAN",
      "Hash": "ad362984082e869bac518874b1bb1c70"
    },
    "ggthemes": {
      "Package": "ggthemes",
      "Version": "4.2.0",
      "Source": "Repository",
      "Repository": "CRAN",
      "Hash": "dfa67ccc3fb199f102a34d557ec1ff45"
    },
    "glue": {
      "Package": "glue",
      "Version": "1.4.1",
      "Source": "Repository",
      "Repository": "CRAN",
      "Hash": "f43e0d5e85ccb0a4045670c0607ee504"
    },
    "gmodels": {
      "Package": "gmodels",
      "Version": "2.18.1",
      "Source": "Repository",
      "Repository": "CRAN",
      "Hash": "beb8ca96406a2828f25e49ab17001c39"
    },
    "goftest": {
      "Package": "goftest",
      "Version": "1.1-1",
      "Source": "Repository",
      "Repository": "CRAN",
      "Hash": "382266fa74ccd5d3b81aa255afe25b67"
    },
    "gower": {
      "Package": "gower",
      "Version": "0.2.1",
      "Source": "Repository",
      "Repository": "CRAN",
      "Hash": "1e7e711f2f87cc3a326f7f406815d019"
    },
    "gridExtra": {
      "Package": "gridExtra",
      "Version": "2.3",
      "Source": "Repository",
      "Repository": "CRAN",
      "Hash": "7d7f283939f563670a697165b2cf5560"
    },
    "gtable": {
      "Package": "gtable",
      "Version": "0.3.0",
      "Source": "Repository",
      "Repository": "CRAN",
      "Hash": "ac5c6baf7822ce8732b343f14c072c4d"
    },
    "gtools": {
      "Package": "gtools",
      "Version": "3.8.2",
      "Source": "Repository",
      "Repository": "CRAN",
      "Hash": "0a749b4458d19a54acae93c64e3e7c85"
    },
    "hablar": {
      "Package": "hablar",
      "Version": "0.3.0",
      "Source": "Repository",
      "Repository": "CRAN",
      "Hash": "58ca0f8fff30f57b9ec11fecf673f8ac"
    },
    "haven": {
      "Package": "haven",
      "Version": "2.1.0",
      "Source": "Repository",
      "Repository": "CRAN",
      "Hash": "2a1edaa3ee6ce3e69f47828be0964d7b"
    },
    "hexbin": {
      "Package": "hexbin",
      "Version": "1.27.2",
      "Source": "Repository",
      "Repository": "CRAN",
      "Hash": "365c1a8f22f20dc825644c3cf2dcbbee"
    },
    "highr": {
      "Package": "highr",
      "Version": "0.8",
      "Source": "Repository",
      "Repository": "CRAN",
      "Hash": "4dc5bb88961e347a0f4d8aad597cbfac"
    },
    "hms": {
      "Package": "hms",
      "Version": "0.4.2",
      "Source": "Repository",
      "Repository": "CRAN",
      "Hash": "b1d40b416da234147d5869a009458702"
    },
    "htmltools": {
      "Package": "htmltools",
      "Version": "0.3.6",
      "Source": "Repository",
      "Repository": "CRAN",
      "Hash": "74aa264d2e3b6214529cd33a5850a07f"
    },
    "htmlwidgets": {
      "Package": "htmlwidgets",
      "Version": "1.3",
      "Source": "Repository",
      "Repository": "CRAN",
      "Hash": "0c8df16eba2c955487aad63a7e7051a6"
    },
    "httpuv": {
      "Package": "httpuv",
      "Version": "1.5.1",
      "Source": "Repository",
      "Repository": "CRAN",
      "Hash": "4776239b1a31ec357d9286170e853489"
    },
    "httr": {
      "Package": "httr",
      "Version": "1.4.1",
      "Source": "Repository",
      "Repository": "CRAN",
      "Hash": "7146fea4685b4252ebf478978c75f597"
    },
    "igraph": {
      "Package": "igraph",
      "Version": "1.2.5",
      "Source": "Repository",
      "Repository": "CRAN",
      "Hash": "3878c30ce67cdb7f2d7f72554e37f476"
    },
    "ipred": {
      "Package": "ipred",
      "Version": "0.9-9",
      "Source": "Repository",
      "Repository": "CRAN",
      "Hash": "816a7f746179f159f8faa87af730f3c1"
    },
    "isoband": {
      "Package": "isoband",
      "Version": "0.2.2",
      "Source": "Repository",
      "Repository": "CRAN",
      "Hash": "6e58bd3d6b3dd82a944cd6f05ade228f"
    },
    "iterators": {
      "Package": "iterators",
      "Version": "1.0.10",
      "Source": "Repository",
      "Repository": "CRAN",
      "Hash": "02caec9a169f9344577950df8f70aaa8"
    },
    "jpeg": {
      "Package": "jpeg",
      "Version": "0.1-8.1",
      "Source": "Repository",
      "Repository": "CRAN",
      "Hash": "bc316c003aba520fc73d70ad53b5fc36"
    },
    "jsonlite": {
      "Package": "jsonlite",
      "Version": "1.7.0",
      "Source": "Repository",
      "Repository": "CRAN",
      "Hash": "2657f20b9a74c996c602e74ebe540b06"
    },
    "kknn": {
      "Package": "kknn",
      "Version": "1.3.1",
      "Source": "Repository",
      "Repository": "CRAN",
      "Hash": "caf9351c33fcb5209928dbfab053c43a"
    },
    "knitr": {
      "Package": "knitr",
      "Version": "1.22",
      "Source": "Repository",
      "Repository": "CRAN",
      "Hash": "d3085a2c6c75da96ad333143dcc35ce8"
    },
    "labeling": {
      "Package": "labeling",
      "Version": "0.3",
      "Source": "Repository",
      "Repository": "CRAN",
      "Hash": "73832978c1de350df58108c745ed0e3e"
    },
    "later": {
      "Package": "later",
      "Version": "0.8.0",
      "Source": "Repository",
      "Repository": "CRAN",
      "Hash": "4d673d34896f781e1557fcee73e542ed"
    },
    "lattice": {
      "Package": "lattice",
      "Version": "0.20-38",
      "Source": "Repository",
      "Repository": "CRAN",
      "Hash": "848f8c593fd1050371042d18d152e3d7"
    },
    "latticeExtra": {
      "Package": "latticeExtra",
      "Version": "0.6-28",
      "Source": "Repository",
      "Repository": "CRAN",
      "Hash": "a3243e210c83c37ea51a546efcecd896"
    },
    "lava": {
      "Package": "lava",
      "Version": "1.6.7",
      "Source": "Repository",
      "Repository": "CRAN",
      "Hash": "e9a046d514942f36bf8ae2a5e3ded35f"
    },
    "lazyeval": {
      "Package": "lazyeval",
      "Version": "0.2.2",
      "Source": "Repository",
      "Repository": "CRAN",
      "Hash": "d908914ae53b04d4c0c0fd72ecc35370"
    },
    "leaflet": {
      "Package": "leaflet",
      "Version": "2.0.3",
      "Source": "Repository",
      "Repository": "CRAN",
      "Hash": "3f3f5e5603fc791dfb77279ad84cc711"
    },
    "leaflet.providers": {
      "Package": "leaflet.providers",
      "Version": "1.9.0",
      "Source": "Repository",
      "Repository": "CRAN",
      "Hash": "d3082a7beac4a1aeb96100ff06265d7e"
    },
    "lifecycle": {
      "Package": "lifecycle",
      "Version": "0.2.0",
      "Source": "Repository",
      "Repository": "CRAN",
      "Hash": "361811f31f71f8a617a9a68bf63f1f42"
    },
    "lintr": {
      "Package": "lintr",
      "Version": "2.0.1",
      "Source": "Repository",
      "Repository": "CRAN",
      "Hash": "023cecbdc0a32f86ad3cb1734c018d2e"
    },
    "lme4": {
      "Package": "lme4",
      "Version": "1.1-21",
      "Source": "Repository",
      "Repository": "CRAN",
      "Hash": "951b57d6afd25bebada4efee4f4c3478"
    },
    "lmtest": {
      "Package": "lmtest",
      "Version": "0.9-37",
      "Source": "Repository",
      "Repository": "CRAN",
      "Hash": "c108129ded5ffdb129064ec1d7ba77d0"
    },
    "lubridate": {
      "Package": "lubridate",
      "Version": "1.7.4",
      "Source": "Repository",
      "Repository": "CRAN",
      "Hash": "796afeea047cda6bdb308d374a33eeb6"
    },
    "magrittr": {
      "Package": "magrittr",
      "Version": "1.5",
      "Source": "Repository",
      "Repository": "CRAN",
      "Hash": "1bb58822a20301cee84a41678e25d9b7"
    },
    "maps": {
      "Package": "maps",
      "Version": "3.3.0",
      "Source": "Repository",
      "Repository": "CRAN",
      "Hash": "392212982257ea03c37b63547dc871b4"
    },
    "maptools": {
      "Package": "maptools",
      "Version": "0.9-5",
      "Source": "Repository",
      "Repository": "CRAN",
      "Hash": "c94d48b02d7935435a726fa0f0ca8cde"
    },
    "markdown": {
      "Package": "markdown",
      "Version": "0.9",
      "Source": "Repository",
      "Repository": "CRAN",
      "Hash": "6e05029d16b0df430ab2d31d151a3ac2"
    },
    "matrixStats": {
      "Package": "matrixStats",
      "Version": "0.56.0",
      "Source": "Repository",
      "Repository": "CRAN",
      "Hash": "d16f18aeb023d7a80c090d9458fc75a6"
    },
    "mgcv": {
      "Package": "mgcv",
      "Version": "1.8-28",
      "Source": "Repository",
      "Repository": "CRAN",
      "Hash": "aa301a255aac625db12ee1793bd79265"
    },
    "mime": {
      "Package": "mime",
      "Version": "0.6",
      "Source": "Repository",
      "Repository": "CRAN",
      "Hash": "65dd22e780565119a78036189cb3b885"
    },
    "minqa": {
      "Package": "minqa",
      "Version": "1.2.4",
      "Source": "Repository",
      "Repository": "CRAN",
      "Hash": "eaee7d2a6f3ed4491df868611cb064cc"
    },
    "modelr": {
      "Package": "modelr",
      "Version": "0.1.4",
      "Source": "Repository",
      "Repository": "CRAN",
      "Hash": "d8629ae09a03bbc6dcbd737ca1f5b28a"
    },
    "munsell": {
      "Package": "munsell",
      "Version": "0.5.0",
      "Source": "Repository",
      "Repository": "CRAN",
      "Hash": "6dfe8bf774944bd5595785e3229d8771"
    },
    "ncdf4": {
      "Package": "ncdf4",
      "Version": "1.16.1",
      "Source": "Repository",
      "Repository": "CRAN",
      "Hash": "83297c91cae9346dbebc9804683ed8b8"
    },
    "nlme": {
      "Package": "nlme",
      "Version": "3.1-139",
      "Source": "Repository",
      "Repository": "CRAN",
      "Hash": "fc65a7cf4fd50fb378aa5c7b3f3c7a35"
    },
    "nloptr": {
      "Package": "nloptr",
      "Version": "1.2.1",
      "Source": "Repository",
      "Repository": "CRAN",
      "Hash": "123f92613e59e1f5671f80f72363ae60"
    },
    "nnet": {
      "Package": "nnet",
      "Version": "7.3-12",
      "Source": "Repository",
      "Repository": "CRAN",
      "Hash": "68287aec1f476c41d16ce1ace445800c"
    },
    "numDeriv": {
      "Package": "numDeriv",
      "Version": "2016.8-1",
      "Source": "Repository",
      "Repository": "CRAN",
      "Hash": "e3554c342c94ffc1095d6488e6521cd6"
    },
    "openssl": {
      "Package": "openssl",
      "Version": "1.3",
      "Source": "Repository",
      "Repository": "CRAN",
      "Hash": "2a9e2d199c54f6061aba18976e958b1c"
    },
    "openxlsx": {
      "Package": "openxlsx",
      "Version": "4.1.5",
      "Source": "Repository",
      "Repository": "CRAN",
      "Hash": "9b9b5322c83ee21db73c8ba3787897ca"
    },
    "pROC": {
      "Package": "pROC",
      "Version": "1.16.2",
      "Source": "Repository",
      "Repository": "CRAN",
      "Hash": "285ca01e793958ac6f2c264c84dbb16b"
    },
    "pbkrtest": {
      "Package": "pbkrtest",
      "Version": "0.4-8.6",
      "Source": "Repository",
      "Repository": "CRAN",
      "Hash": "d547eab65958fc4f5d68ad0adfacfcf4"
    },
    "pillar": {
      "Package": "pillar",
      "Version": "1.4.4",
      "Source": "Repository",
      "Repository": "CRAN",
      "Hash": "b01d2494d0e2b6b02fae40e1543fbcb0"
    },
    "pkgbuild": {
      "Package": "pkgbuild",
      "Version": "1.0.8",
      "Source": "Repository",
      "Repository": "CRAN",
      "Hash": "8d8b5e29223aabb829246397299f0592"
    },
    "pkgconfig": {
      "Package": "pkgconfig",
      "Version": "2.0.3",
      "Source": "Repository",
      "Repository": "CRAN",
      "Hash": "01f28d4278f15c76cddbea05899c5d6f"
    },
    "pkgload": {
      "Package": "pkgload",
      "Version": "1.1.0",
      "Source": "Repository",
      "Repository": "CRAN",
      "Hash": "b6b150cd4709e0c0c9b5d51ac4376282"
    },
    "plogr": {
      "Package": "plogr",
      "Version": "0.2.0",
      "Source": "Repository",
      "Repository": "CRAN",
      "Hash": "09eb987710984fc2905c7129c7d85e65"
    },
    "plotly": {
      "Package": "plotly",
      "Version": "4.9.0",
      "Source": "Repository",
      "Repository": "CRAN",
      "Hash": "286590ead74fada39b8dc0b47e118b0b"
    },
    "plyr": {
      "Package": "plyr",
      "Version": "1.8.4",
      "Source": "Repository",
      "Repository": "CRAN",
      "Hash": "23026346e3e0f023f326919320627a01"
    },
    "png": {
      "Package": "png",
      "Version": "0.1-7",
      "Source": "Repository",
      "Repository": "CRAN",
      "Hash": "03b7076c234cb3331288919983326c55"
    },
    "polyclip": {
      "Package": "polyclip",
      "Version": "1.10-0",
      "Source": "Repository",
      "Repository": "CRAN",
      "Hash": "cb167f328b3ada4ec5cf67a7df4c900a"
    },
    "praise": {
      "Package": "praise",
      "Version": "1.0.0",
      "Source": "Repository",
      "Repository": "CRAN",
      "Hash": "a555924add98c99d2f411e37e7d25e9f"
    },
    "prettymapr": {
      "Package": "prettymapr",
      "Version": "0.2.2",
      "Source": "Repository",
      "Repository": "CRAN",
      "Hash": "670de2201dfef54ca3d43ae91d3f8df5"
    },
    "prettyunits": {
      "Package": "prettyunits",
      "Version": "1.1.1",
      "Source": "Repository",
      "Repository": "CRAN",
      "Hash": "95ef9167b75dde9d2ccc3c7528393e7e"
    },
    "printr": {
      "Package": "printr",
      "Version": "0.1",
      "Source": "Repository",
      "Repository": "CRAN",
      "Hash": "a4b103a5f81c11851258533104f3f08a"
    },
    "processx": {
      "Package": "processx",
      "Version": "3.4.2",
      "Source": "Repository",
      "Repository": "CRAN",
      "Hash": "20a082f2bde0ffcd8755779fd476a274"
    },
    "prodlim": {
      "Package": "prodlim",
      "Version": "2019.11.13",
      "Source": "Repository",
      "Repository": "CRAN",
      "Hash": "c243bf70db3a6631a0c8783152fb7db9"
    },
    "productplots": {
      "Package": "productplots",
      "Version": "0.1.1",
      "Source": "Repository",
      "Repository": "CRAN",
      "Hash": "75630cc31052ba299a52bb1adbf59fae"
    },
    "progress": {
      "Package": "progress",
      "Version": "1.2.2",
      "Source": "Repository",
      "Repository": "CRAN",
      "Hash": "14dc9f7a3c91ebb14ec5bb9208a07061"
    },
    "promises": {
      "Package": "promises",
      "Version": "1.0.1",
      "Source": "Repository",
      "Repository": "CRAN",
      "Hash": "e1983a27d5a79e89fe302623a758d88e"
    },
    "ps": {
      "Package": "ps",
      "Version": "1.3.3",
      "Source": "Repository",
      "Repository": "CRAN",
      "Hash": "425d938eb9c02906a8ac98c0c2a306b5"
    },
    "purrr": {
      "Package": "purrr",
      "Version": "0.3.4",
      "Source": "Repository",
      "Repository": "CRAN",
      "Hash": "97def703420c8ab10d8f0e6c72101e02"
    },
    "quantreg": {
      "Package": "quantreg",
      "Version": "5.67",
      "Source": "Repository",
      "Repository": "CRAN",
      "Hash": "5cd37ddc60f523651e84c1332d079ed4"
    },
    "raster": {
      "Package": "raster",
      "Version": "2.9-5",
      "Source": "Repository",
      "Repository": "CRAN",
      "Hash": "85a01c2f0ad30d43f51b861a2d78d5e8"
    },
    "rasterVis": {
      "Package": "rasterVis",
      "Version": "0.45",
      "Source": "Repository",
      "Repository": "CRAN",
      "Hash": "7cf18dd06af22029bb177f3c52e3577f"
    },
    "readr": {
      "Package": "readr",
      "Version": "1.3.1",
      "Source": "Repository",
      "Repository": "CRAN",
      "Hash": "af8ab99cd936773a148963905736907b"
    },
    "readxl": {
      "Package": "readxl",
      "Version": "1.3.1",
      "Source": "Repository",
      "Repository": "CRAN",
      "Hash": "63537c483c2dbec8d9e3183b3735254a"
    },
    "recipes": {
      "Package": "recipes",
      "Version": "0.1.12",
      "Source": "Repository",
      "Repository": "CRAN",
      "Hash": "332b6f1a6fc9b165b419b3638d4fdadb"
    },
    "rematch": {
      "Package": "rematch",
      "Version": "1.0.1",
      "Source": "Repository",
      "Repository": "CRAN",
      "Hash": "c66b930d20bb6d858cd18e1cebcfae5c"
    },
    "remotes": {
      "Package": "remotes",
      "Version": "2.1.1",
      "Source": "Repository",
      "Repository": "CRAN",
      "Hash": "57c3009534f805f0f6476ffee68483cc"
    },
    "renv": {
      "Package": "renv",
      "Version": "0.12.0",
      "Source": "Repository",
      "Repository": "CRAN",
      "Hash": "7340c71f46a0fd16506cfa804e224e44"
    },
    "reprex": {
      "Package": "reprex",
      "Version": "0.3.0",
      "Source": "Repository",
      "Repository": "CRAN",
      "Hash": "b06bfb3504cc8a4579fd5567646f745b"
    },
    "reshape2": {
      "Package": "reshape2",
      "Version": "1.4.3",
      "Source": "Repository",
      "Repository": "CRAN",
      "Hash": "15a23ad30f51789188e439599559815c"
    },
    "rex": {
      "Package": "rex",
      "Version": "1.2.0",
      "Source": "Repository",
      "Repository": "CRAN",
      "Hash": "093584b944440c5cd07a696b3c8e0e4c"
    },
    "rgdal": {
      "Package": "rgdal",
      "Version": "1.4-4",
      "Source": "Repository",
      "Repository": "CRAN",
      "Hash": "a3946128ab510d1f31d64327a902dce4"
    },
    "rgeos": {
      "Package": "rgeos",
      "Version": "0.5-5",
      "Source": "Repository",
      "Repository": "CRAN",
      "Hash": "94a44c3f0d49ceb80c385610696873ca"
    },
    "rio": {
      "Package": "rio",
      "Version": "0.5.16",
      "Source": "Repository",
      "Repository": "CRAN",
      "Hash": "4a9aecbe83639be364de13ffe0671bcf"
    },
    "rjson": {
      "Package": "rjson",
      "Version": "0.2.20",
      "Source": "Repository",
      "Repository": "CRAN",
      "Hash": "7d597f982ee6263716b6a2f28efd29fa"
    },
    "rlang": {
      "Package": "rlang",
      "Version": "0.4.6",
      "Source": "Repository",
      "Repository": "CRAN",
      "Hash": "aa263e3ce17b177c49e0daade2ee3cdc"
    },
    "rmarkdown": {
      "Package": "rmarkdown",
      "Version": "1.16",
      "Source": "Repository",
      "Repository": "CRAN",
      "Hash": "fc567cbfe050895175f3c54e96de048c"
    },
    "rnaturalearth": {
      "Package": "rnaturalearth",
      "Version": "0.1.0",
      "Source": "Repository",
      "Repository": "CRAN",
      "Hash": "946d1b43d7aba91dfa804f02302a5125"
    },
    "rosm": {
      "Package": "rosm",
      "Version": "0.2.5",
      "Source": "Repository",
      "Repository": "CRAN",
      "Hash": "2d44e9bbfe7aff5acb7583482be4096d"
    },
    "rpart": {
      "Package": "rpart",
      "Version": "4.1-15",
      "Source": "Repository",
      "Repository": "CRAN",
      "Hash": "9787c1fcb680e655d062e7611cadf78e"
    },
    "rprojroot": {
      "Package": "rprojroot",
      "Version": "1.3-2",
      "Source": "Repository",
      "Repository": "CRAN",
      "Hash": "f6a407ae5dd21f6f80a6708bbb6eb3ae"
    },
    "rstudioapi": {
      "Package": "rstudioapi",
      "Version": "0.11",
      "Source": "Repository",
      "Repository": "CRAN",
      "Hash": "33a5b27a03da82ac4b1d43268f80088a"
    },
    "rvest": {
      "Package": "rvest",
      "Version": "0.3.4",
      "Source": "Repository",
      "Repository": "CRAN",
      "Hash": "006001c4a515d0983357b5580494f474"
    },
    "rworldmap": {
      "Package": "rworldmap",
      "Version": "1.3-6",
      "Source": "Repository",
      "Repository": "CRAN",
      "Hash": "b34f146159f7c6c4331caff2062cd5e9"
    },
    "scales": {
      "Package": "scales",
      "Version": "1.1.1",
      "Source": "Repository",
      "Repository": "CRAN",
      "Hash": "6f76f71042411426ec8df6c54f34e6dd"
    },
    "selectr": {
      "Package": "selectr",
      "Version": "0.4-1",
      "Source": "Repository",
      "Repository": "CRAN",
      "Hash": "5ed4ef04d145af4c2bf651d94ba3d7fe"
    },
    "sf": {
      "Package": "sf",
      "Version": "0.9-3",
      "Source": "Repository",
      "Repository": "CRAN",
      "Hash": "f16ad0ac903df6727dbfb2e30eafcc26"
    },
    "shiny": {
      "Package": "shiny",
      "Version": "1.3.2",
      "Source": "Repository",
      "Repository": "CRAN",
      "Hash": "67d22f2e1e16eeb8d9b24a3036169ab4"
    },
    "sourcetools": {
      "Package": "sourcetools",
      "Version": "0.1.7",
      "Source": "Repository",
      "Repository": "CRAN",
      "Hash": "947e4e02a79effa5d512473e10f41797"
    },
    "sp": {
      "Package": "sp",
      "Version": "1.3-1",
      "Source": "Repository",
      "Repository": "CRAN",
      "Hash": "87a2c501aafad3c0bc6242527aeeff07"
    },
    "spData": {
      "Package": "spData",
      "Version": "0.3.8",
      "Source": "Repository",
      "Repository": "CRAN",
      "Hash": "be5fc9cc13487505381071422d8346e2"
    },
    "spam": {
      "Package": "spam",
      "Version": "2.2-2",
      "Source": "Repository",
      "Repository": "CRAN",
      "Hash": "c178b5d09304ce614b3769aa1dd0be73"
    },
    "spatialEco": {
      "Package": "spatialEco",
      "Version": "1.3-2",
      "Source": "Repository",
      "Repository": "CRAN",
      "Hash": "fd263aedf70a3ad202b4b52eb8fa1e46"
    },
    "spatstat": {
      "Package": "spatstat",
      "Version": "1.59-0",
      "Source": "Repository",
      "Repository": "CRAN",
      "Hash": "0cd60eba4ab655104cf11d334cadf33a"
    },
    "spatstat.data": {
      "Package": "spatstat.data",
      "Version": "1.4-0",
      "Source": "Repository",
      "Repository": "CRAN",
      "Hash": "2cb5ad7591641f99f9bb87c3101a5e83"
    },
    "spatstat.utils": {
      "Package": "spatstat.utils",
      "Version": "1.13-0",
      "Source": "Repository",
      "Repository": "CRAN",
      "Hash": "fad3c6b5d1bc7acbd823f47df424e8d5"
    },
    "spdep": {
      "Package": "spdep",
      "Version": "1.1-5",
      "Source": "Repository",
      "Repository": "CRAN",
      "Hash": "e220c93e8a62be165fb5b56983ca2339"
    },
    "stringi": {
      "Package": "stringi",
      "Version": "1.4.3",
      "Source": "Repository",
      "Repository": "CRAN",
      "Hash": "74a50760af835563fb2c124e66aa134e"
    },
    "stringr": {
      "Package": "stringr",
      "Version": "1.4.0",
      "Source": "Repository",
      "Repository": "CRAN",
      "Hash": "0759e6b6c0957edb1311028a49a35e76"
    },
    "survival": {
      "Package": "survival",
      "Version": "3.2-3",
      "Source": "Repository",
      "Repository": "CRAN",
      "Hash": "3cc6154c577a82f06250254db30a4bfb"
    },
    "sys": {
      "Package": "sys",
      "Version": "3.2",
      "Source": "Repository",
      "Repository": "CRAN",
      "Hash": "595c352c624e65f8f67f66a77a6409b6"
    },
    "tensor": {
      "Package": "tensor",
      "Version": "1.5",
      "Source": "Repository",
      "Repository": "CRAN",
      "Hash": "25cfab6cf405c15bccf7e69ec39df090"
    },
    "testthat": {
      "Package": "testthat",
      "Version": "2.3.2",
      "Source": "Repository",
      "Repository": "CRAN",
      "Hash": "0829b987b8961fb07f3b1b64a2fbc495"
    },
    "tibble": {
      "Package": "tibble",
      "Version": "3.0.1",
      "Source": "Repository",
      "Repository": "CRAN",
      "Hash": "1c61e4cad000e03b1bd687db16a75926"
    },
    "tidyr": {
      "Package": "tidyr",
      "Version": "0.8.3",
      "Source": "Repository",
      "Repository": "CRAN",
      "Hash": "066365650c48620e116631c98ae8daf3"
    },
    "tidyselect": {
      "Package": "tidyselect",
      "Version": "0.2.5",
      "Source": "Repository",
      "Repository": "CRAN",
      "Hash": "971842fead8ee9e150495a0ede343a98"
    },
    "tidyverse": {
      "Package": "tidyverse",
      "Version": "1.2.1",
      "Source": "Repository",
      "Repository": "CRAN",
      "Hash": "5a2a345ab91ac7f22bb13fa78bc3a1be"
    },
    "timeDate": {
      "Package": "timeDate",
      "Version": "3043.102",
      "Source": "Repository",
      "Repository": "CRAN",
      "Hash": "fde4fc571f5f61978652c229d4713845"
    },
    "tinytex": {
      "Package": "tinytex",
      "Version": "0.16",
      "Source": "Repository",
      "Repository": "CRAN",
      "Hash": "a14f7f9c8edc600abe43ef359b733ddb"
    },
    "units": {
      "Package": "units",
      "Version": "0.6-6",
      "Source": "Repository",
      "Repository": "CRAN",
      "Hash": "687aa5dfc4ec01ad4da86862a7e6a05b"
    },
    "utf8": {
      "Package": "utf8",
      "Version": "1.1.4",
      "Source": "Repository",
      "Repository": "CRAN",
      "Hash": "4a5081acfb7b81a572e4384a7aaf2af1"
    },
    "vcd": {
      "Package": "vcd",
      "Version": "1.4-7",
      "Source": "Repository",
      "Repository": "CRAN",
      "Hash": "247e48cdc0873fbc44755f97280aa6c7"
    },
    "vctrs": {
      "Package": "vctrs",
      "Version": "0.3.1",
      "Source": "Repository",
      "Repository": "CRAN",
      "Hash": "1739235995f08583db4095a28c357207"
    },
    "viridis": {
      "Package": "viridis",
      "Version": "0.5.1",
      "Source": "Repository",
      "Repository": "CRAN",
      "Hash": "6f6b49e5b3b5ee5a6d0c28bf1b4b9eb3"
    },
    "viridisLite": {
      "Package": "viridisLite",
      "Version": "0.3.0",
      "Source": "Repository",
      "Repository": "CRAN",
      "Hash": "ce4f6271baa94776db692f1cb2055bee"
    },
    "whisker": {
      "Package": "whisker",
      "Version": "0.4",
      "Source": "Repository",
      "Repository": "CRAN",
      "Hash": "ca970b96d894e90397ed20637a0c1bbe"
    },
    "withr": {
      "Package": "withr",
      "Version": "2.2.0",
      "Source": "Repository",
      "Repository": "CRAN",
      "Hash": "ecd17882a0b4419545691e095b74ee89"
    },
    "xfun": {
      "Package": "xfun",
      "Version": "0.6",
      "Source": "Repository",
      "Repository": "CRAN",
      "Hash": "a9da17dba383a1c6824e264077bcf0f8"
    },
    "xml2": {
      "Package": "xml2",
      "Version": "1.2.2",
      "Source": "Repository",
      "Repository": "CRAN",
      "Hash": "63ad35854e01d8b59ca18095b5145bb7"
    },
    "xmlparsedata": {
      "Package": "xmlparsedata",
      "Version": "1.0.3",
      "Source": "Repository",
      "Repository": "CRAN",
      "Hash": "90d3cba62daa9f1e5313afef106f719d"
    },
    "xtable": {
      "Package": "xtable",
      "Version": "1.8-4",
      "Source": "Repository",
      "Repository": "CRAN",
      "Hash": "b8acdf8af494d9ec19ccb2481a9b11c2"
    },
    "yaml": {
      "Package": "yaml",
      "Version": "2.2.0",
      "Source": "Repository",
      "Repository": "CRAN",
      "Hash": "c78bdf1d16bd4ec7ecc86c6986d53309"
    },
    "zip": {
      "Package": "zip",
      "Version": "2.1.1",
      "Source": "Repository",
      "Repository": "CRAN",
      "Hash": "3bc8405c637d988801ec5ea88372d0c2"
    },
    "zoo": {
      "Package": "zoo",
      "Version": "1.8-5",
      "Source": "Repository",
      "Repository": "CRAN",
      "Hash": "8f20b2645d92ead2744d74f755b0c459"
    }
  }
}
